
Microsoft Visual Studio Solution File, Format Version 12.00
# Visual Studio Version 16
VisualStudioVersion = 16.0.28822.285
MinimumVisualStudioVersion = 10.0.40219.1
Project("{FAE04EC0-301F-11D3-BF4B-00C04F79EFBC}") = "ICC_Tank", "ICC_Tank.csproj", "{BEBE2B15-AA08-4B4F-A033-A0EFB4E1F9B3}"
EndProject
Project("{FAE04EC0-301F-11D3-BF4B-00C04F79EFBC}") = "TankServer", "TankServer\TankServer.csproj", "{F9D06371-07E9-4A91-9145-7FA9BCAEFA00}"
EndProject
Project("{FAE04EC0-301F-11D3-BF4B-00C04F79EFBC}") = "TankClient", "TankClient\TankClient.csproj", "{312C6BB8-DDDF-459C-A98A-3F523F55376E}"
EndProject
Project("{FAE04EC0-301F-11D3-BF4B-00C04F79EFBC}") = "TankCommon", "TankCommon\TankCommon.csproj", "{526FDE6C-B319-451E-85F1-7C4824267749}"
EndProject
Project("{FAE04EC0-301F-11D3-BF4B-00C04F79EFBC}") = "TankGuiObserver", "TankGuiObserver\TankGuiObserver.csproj", "{570481BA-52E3-4A52-8825-9B046A741F3E}"
EndProject
Project("{9A19103F-16F7-4668-BE54-9A1E7A4F7556}") = "AdminPanel", "AdminPanel\AdminPanel.csproj", "{7999FA90-8D97-4CD9-A577-826D7A520367}"
EndProject
Project("{FAE04EC0-301F-11D3-BF4B-00C04F79EFBC}") = "UnitTestProject", "UnitTestProject\UnitTestProject.csproj", "{498E3EFE-5D98-4A35-94FA-B49A89376621}"
	ProjectSection(ProjectDependencies) = postProject
		{FA9472AB-7718-4A70-B209-4C459AEE2B18} = {FA9472AB-7718-4A70-B209-4C459AEE2B18}
	EndProjectSection
EndProject
Project("{FAE04EC0-301F-11D3-BF4B-00C04F79EFBC}") = "TankGuiObserver2", "TankGuiObserver2\TankGuiObserver2.csproj", "{FA9472AB-7718-4A70-B209-4C459AEE2B18}"
EndProject
Project("{FAE04EC0-301F-11D3-BF4B-00C04F79EFBC}") = "DotNetClient", "DotNetBot\DotNetClient.csproj", "{2C0874C6-B0F3-4504-B9B1-93D99580D393}"
EndProject
Global
	GlobalSection(SolutionConfigurationPlatforms) = preSolution
		Debug|Any CPU = Debug|Any CPU
		Release|Any CPU = Release|Any CPU
	EndGlobalSection
	GlobalSection(ProjectConfigurationPlatforms) = postSolution
		{BEBE2B15-AA08-4B4F-A033-A0EFB4E1F9B3}.Debug|Any CPU.ActiveCfg = Debug|Any CPU
		{BEBE2B15-AA08-4B4F-A033-A0EFB4E1F9B3}.Debug|Any CPU.Build.0 = Debug|Any CPU
		{BEBE2B15-AA08-4B4F-A033-A0EFB4E1F9B3}.Release|Any CPU.ActiveCfg = Release|Any CPU
		{BEBE2B15-AA08-4B4F-A033-A0EFB4E1F9B3}.Release|Any CPU.Build.0 = Release|Any CPU
		{F9D06371-07E9-4A91-9145-7FA9BCAEFA00}.Debug|Any CPU.ActiveCfg = Debug|Any CPU
		{F9D06371-07E9-4A91-9145-7FA9BCAEFA00}.Debug|Any CPU.Build.0 = Debug|Any CPU
		{F9D06371-07E9-4A91-9145-7FA9BCAEFA00}.Release|Any CPU.ActiveCfg = Release|Any CPU
		{F9D06371-07E9-4A91-9145-7FA9BCAEFA00}.Release|Any CPU.Build.0 = Release|Any CPU
		{312C6BB8-DDDF-459C-A98A-3F523F55376E}.Debug|Any CPU.ActiveCfg = Debug|Any CPU
		{312C6BB8-DDDF-459C-A98A-3F523F55376E}.Debug|Any CPU.Build.0 = Debug|Any CPU
		{312C6BB8-DDDF-459C-A98A-3F523F55376E}.Release|Any CPU.ActiveCfg = Release|Any CPU
		{312C6BB8-DDDF-459C-A98A-3F523F55376E}.Release|Any CPU.Build.0 = Release|Any CPU
		{526FDE6C-B319-451E-85F1-7C4824267749}.Debug|Any CPU.ActiveCfg = Debug|Any CPU
		{526FDE6C-B319-451E-85F1-7C4824267749}.Debug|Any CPU.Build.0 = Debug|Any CPU
		{526FDE6C-B319-451E-85F1-7C4824267749}.Release|Any CPU.ActiveCfg = Release|Any CPU
		{526FDE6C-B319-451E-85F1-7C4824267749}.Release|Any CPU.Build.0 = Release|Any CPU
		{570481BA-52E3-4A52-8825-9B046A741F3E}.Debug|Any CPU.ActiveCfg = Debug|Any CPU
		{570481BA-52E3-4A52-8825-9B046A741F3E}.Debug|Any CPU.Build.0 = Debug|Any CPU
		{570481BA-52E3-4A52-8825-9B046A741F3E}.Release|Any CPU.ActiveCfg = Release|Any CPU
		{570481BA-52E3-4A52-8825-9B046A741F3E}.Release|Any CPU.Build.0 = Release|Any CPU
		{7999FA90-8D97-4CD9-A577-826D7A520367}.Debug|Any CPU.ActiveCfg = Debug|Any CPU
		{7999FA90-8D97-4CD9-A577-826D7A520367}.Debug|Any CPU.Build.0 = Debug|Any CPU
		{7999FA90-8D97-4CD9-A577-826D7A520367}.Release|Any CPU.ActiveCfg = Release|Any CPU
		{7999FA90-8D97-4CD9-A577-826D7A520367}.Release|Any CPU.Build.0 = Release|Any CPU
		{498E3EFE-5D98-4A35-94FA-B49A89376621}.Debug|Any CPU.ActiveCfg = Debug|Any CPU
		{498E3EFE-5D98-4A35-94FA-B49A89376621}.Debug|Any CPU.Build.0 = Debug|Any CPU
		{498E3EFE-5D98-4A35-94FA-B49A89376621}.Release|Any CPU.ActiveCfg = Release|Any CPU
		{498E3EFE-5D98-4A35-94FA-B49A89376621}.Release|Any CPU.Build.0 = Release|Any CPU
		{FA9472AB-7718-4A70-B209-4C459AEE2B18}.Debug|Any CPU.ActiveCfg = Debug|Any CPU
		{FA9472AB-7718-4A70-B209-4C459AEE2B18}.Debug|Any CPU.Build.0 = Debug|Any CPU
		{FA9472AB-7718-4A70-B209-4C459AEE2B18}.Release|Any CPU.ActiveCfg = Release|Any CPU
		{FA9472AB-7718-4A70-B209-4C459AEE2B18}.Release|Any CPU.Build.0 = Release|Any CPU
		{2C0874C6-B0F3-4504-B9B1-93D99580D393}.Debug|Any CPU.ActiveCfg = Debug|Any CPU
		{2C0874C6-B0F3-4504-B9B1-93D99580D393}.Debug|Any CPU.Build.0 = Debug|Any CPU
		{2C0874C6-B0F3-4504-B9B1-93D99580D393}.Release|Any CPU.ActiveCfg = Release|Any CPU
		{2C0874C6-B0F3-4504-B9B1-93D99580D393}.Release|Any CPU.Build.0 = Release|Any CPU
	EndGlobalSection
	GlobalSection(SolutionProperties) = preSolution
		HideSolutionNode = FALSE
	EndGlobalSection
	GlobalSection(ExtensibilityGlobals) = postSolution
		SolutionGuid = {45DA904D-C303-4DAB-8D3D-CE4EB97FDFE6}
	EndGlobalSection
EndGlobal
